PODS:
  - SnapKit (5.0.1)
  - SwiftDate (6.1.0)
  - SwiftLint (0.39.1)

DEPENDENCIES:
  - SnapKit
  - SwiftDate (~> 6.1)
  - SwiftLint

SPEC REPOS:
  trunk:
    - SnapKit
    - SwiftDate
    - SwiftLint

SPEC CHECKSUMS:
  SnapKit: 97b92857e3df3a0c71833cce143274bf6ef8e5eb
  SwiftDate: fa2bb3962056bb44047b4b85a30044e5eae30b03
  SwiftLint: 55e96a4a4d537d4a3156859fc1c54bd24851a046

PODFILE CHECKSUM: 950095cb73da614e85d9415795cd6099d15a84b2

COCOAPODS: 1.9.1
